
Microsoft Visual Studio Solution File, Format Version 12.00
# Visual Studio Version 17
VisualStudioVersion = 17.3.32929.385
MinimumVisualStudioVersion = 10.0.40219.1
Project("{FAE04EC0-301F-11D3-BF4B-00C04F79EFBC}") = "WebApplication_SolidPrinciples", "WebApplication_SolidPrinciples\WebApplication_SolidPrinciples.csproj", "{2D2FC6D9-DF15-44E3-9F77-CD053B7EE4D1}"
EndProject
Global
	GlobalSection(SolutionConfigurationPlatforms) = preSolution
		Debug|Any CPU = Debug|Any CPU
		Release|Any CPU = Release|Any CPU
	EndGlobalSection
	GlobalSection(ProjectConfigurationPlatforms) = postSolution
		{2D2FC6D9-DF15-44E3-9F77-CD053B7EE4D1}.Debug|Any CPU.ActiveCfg = Debug|Any CPU
		{2D2FC6D9-DF15-44E3-9F77-CD053B7EE4D1}.Debug|Any CPU.Build.0 = Debug|Any CPU
		{2D2FC6D9-DF15-44E3-9F77-CD053B7EE4D1}.Release|Any CPU.ActiveCfg = Release|Any CPU
		{2D2FC6D9-DF15-44E3-9F77-CD053B7EE4D1}.Release|Any CPU.Build.0 = Release|Any CPU
	EndGlobalSection
	GlobalSection(SolutionProperties) = preSolution
		HideSolutionNode = FALSE
	EndGlobalSection
	GlobalSection(ExtensibilityGlobals) = postSolution
		SolutionGuid = {1BD73941-DA62-4B12-98A2-C6EDEA4E8AA9}
	EndGlobalSection
EndGlobal
